
Microsoft Visual Studio Solution File, Format Version 12.00
# Visual Studio Version 17
VisualStudioVersion = 17.3.32929.385
MinimumVisualStudioVersion = 10.0.40219.1
Project("{FAE04EC0-301F-11D3-BF4B-00C04F79EFBC}") = "Week10Console", "Week10Console.csproj", "{28EA4D4A-69BE-4AEB-81CC-9354A747684F}"
EndProject
Global
	GlobalSection(SolutionConfigurationPlatforms) = preSolution
		Debug|Any CPU = Debug|Any CPU
		Release|Any CPU = Release|Any CPU
	EndGlobalSection
	GlobalSection(ProjectConfigurationPlatforms) = postSolution
		{28EA4D4A-69BE-4AEB-81CC-9354A747684F}.Debug|Any CPU.ActiveCfg = Debug|Any CPU
		{28EA4D4A-69BE-4AEB-81CC-9354A747684F}.Debug|Any CPU.Build.0 = Debug|Any CPU
		{28EA4D4A-69BE-4AEB-81CC-9354A747684F}.Release|Any CPU.ActiveCfg = Release|Any CPU
		{28EA4D4A-69BE-4AEB-81CC-9354A747684F}.Release|Any CPU.Build.0 = Release|Any CPU
	EndGlobalSection
	GlobalSection(SolutionProperties) = preSolution
		HideSolutionNode = FALSE
	EndGlobalSection
	GlobalSection(ExtensibilityGlobals) = postSolution
		SolutionGuid = {BB348DAE-41AD-4799-A846-AD6169B8B51D}
	EndGlobalSection
EndGlobal
